<?xml version="1.0" encoding="utf-8"?>
<Project ToolsVersion="4.0" xmlns="http://schemas.microsoft.com/developer/msbuild/2003">
  <ItemGroup>
    <Filter Include="Resource Files">
      <UniqueIdentifier>{67DA6AB6-F800-4c08-8B7A-83BB121AAD01}</UniqueIdentifier>
      <Extensions>rc;ico;cur;bmp;dlg;rc2;rct;bin;rgs;gif;jpg;jpeg;jpe;resx;tiff;tif;png;wav;mfcribbon-ms</Extensions>
    </Filter>
    <Filter Include="Global Headers">
      <UniqueIdentifier>{aebc1bce-75eb-464b-be0e-d8aaa3885920}</UniqueIdentifier>
    </Filter>
    <Filter Include="Game Controller">
      <UniqueIdentifier>{0b0af0b8-428d-4df5-89f6-4a8f2108fd21}</UniqueIdentifier>
    </Filter>
    <Filter Include="Materials">
      <UniqueIdentifier>{ec651a8a-e4db-4b79-b0d0-937f5ef0b111}</UniqueIdentifier>
    </Filter>
    <Filter Include="BRDFs">
      <UniqueIdentifier>{82947976-e7c5-430c-8719-9314565023c0}</UniqueIdentifier>
    </Filter>
    <Filter Include="Lights">
      <UniqueIdentifier>{ef901f5e-8665-4187-a239-e399c2bba565}</UniqueIdentifier>
    </Filter>
    <Filter Include="Primitives">
      <UniqueIdentifier>{1b89802b-38e5-459b-a7d2-4e72e1a04fbb}</UniqueIdentifier>
    </Filter>
    <Filter Include="BTDFs">
      <UniqueIdentifier>{d0d1157e-1be6-455f-ad27-b08702bf425e}</UniqueIdentifier>
    </Filter>
  </ItemGroup>
  <ItemGroup>
    <ClInclude Include="Game Controller\tRayTracer.h">
      <Filter>Game Controller</Filter>
    </ClInclude>
    <ClInclude Include="Game Controller\tScene.h">
      <Filter>Game Controller</Filter>
    </ClInclude>
    <ClInclude Include="Game Controller\tPoint.h">
      <Filter>Global Headers</Filter>
    </ClInclude>
    <ClInclude Include="Game Controller\tRay.h">
      <Filter>Global Headers</Filter>
    </ClInclude>
    <ClInclude Include="Game Controller\tColor.h">
      <Filter>Global Headers</Filter>
    </ClInclude>
    <ClInclude Include="Game Controller\tVector.h">
      <Filter>Global Headers</Filter>
    </ClInclude>
    <ClInclude Include="Game Controller\tShadeRecord.h">
      <Filter>Game Controller</Filter>
    </ClInclude>
    <ClInclude Include="tViewPlane.h">
      <Filter>Game Controller</Filter>
    </ClInclude>
    <ClInclude Include="Game Controller\tLambertian.h">
      <Filter>BRDFs</Filter>
    </ClInclude>
    <ClInclude Include="Game Controller\tGlossySpecular.h">
      <Filter>BRDFs</Filter>
    </ClInclude>
    <ClInclude Include="Game Controller\tBRDF.h">
      <Filter>BRDFs</Filter>
    </ClInclude>
    <ClInclude Include="Game Controller\tPerfectSpecular.h">
      <Filter>BRDFs</Filter>
    </ClInclude>
    <ClInclude Include="Game Controller\tAmbientLight.h">
      <Filter>Lights</Filter>
    </ClInclude>
    <ClInclude Include="Game Controller\tLight.h">
      <Filter>Lights</Filter>
    </ClInclude>
    <ClInclude Include="Game Controller\tPointLight.h">
      <Filter>Lights</Filter>
    </ClInclude>
    <ClInclude Include="Game Controller\Maths.h">
      <Filter>Global Headers</Filter>
    </ClInclude>
    <ClInclude Include="Game Controller\tBTDF.h">
      <Filter>BTDFs</Filter>
    </ClInclude>
    <ClInclude Include="Game Controller\tPerfectTransmitter.h">
      <Filter>BTDFs</Filter>
    </ClInclude>
    <ClInclude Include="Materials\tMaterial.h">
      <Filter>Materials</Filter>
    </ClInclude>
    <ClInclude Include="Materials\tPhong.h">
      <Filter>Materials</Filter>
    </ClInclude>
    <ClInclude Include="Materials\tReflective.h">
      <Filter>Materials</Filter>
    </ClInclude>
    <ClInclude Include="Materials\tTransparent.h">
      <Filter>Materials</Filter>
    </ClInclude>
    <ClInclude Include="Primitives\tBBox.h">
      <Filter>Primitives</Filter>
    </ClInclude>
    <ClInclude Include="Primitives\tPlane.h">
      <Filter>Primitives</Filter>
    </ClInclude>
    <ClInclude Include="Primitives\tPrimitive.h">
      <Filter>Primitives</Filter>
    </ClInclude>
    <ClInclude Include="Primitives\tSphere.h">
      <Filter>Primitives</Filter>
    </ClInclude>
    <ClInclude Include="Primitives\tTorus.h">
      <Filter>Primitives</Filter>
    </ClInclude>
  </ItemGroup>
  <ItemGroup>
    <ClCompile Include="Game Controller\tRayTracer.cpp">
      <Filter>Game Controller</Filter>
    </ClCompile>
    <ClCompile Include="Game Controller\tScene.cpp">
      <Filter>Game Controller</Filter>
    </ClCompile>
    <ClCompile Include="Game Controller\tPoint.cpp">
      <Filter>Global Headers</Filter>
    </ClCompile>
    <ClCompile Include="Game Controller\tRay.cpp">
      <Filter>Global Headers</Filter>
    </ClCompile>
    <ClCompile Include="Game Controller\tColor.cpp">
      <Filter>Global Headers</Filter>
    </ClCompile>
    <ClCompile Include="Game Controller\tVector.cpp">
      <Filter>Global Headers</Filter>
    </ClCompile>
    <ClCompile Include="Game Controller\tShadeRecord.cpp">
      <Filter>Game Controller</Filter>
    </ClCompile>
    <ClCompile Include="tViewPlane.cpp">
      <Filter>Game Controller</Filter>
    </ClCompile>
    <ClCompile Include="Game Controller\tGlossySpecular.cpp">
      <Filter>BRDFs</Filter>
    </ClCompile>
    <ClCompile Include="Game Controller\tLambertian.cpp">
      <Filter>BRDFs</Filter>
    </ClCompile>
    <ClCompile Include="Game Controller\tBRDF.cpp">
      <Filter>BRDFs</Filter>
    </ClCompile>
    <ClCompile Include="Game Controller\tPerfectSpecular.cpp">
      <Filter>BRDFs</Filter>
    </ClCompile>
    <ClCompile Include="Game Controller\tAmbientLight.cpp">
      <Filter>Lights</Filter>
    </ClCompile>
    <ClCompile Include="Game Controller\tLight.cpp">
      <Filter>Lights</Filter>
    </ClCompile>
    <ClCompile Include="Game Controller\tPointLight.cpp">
      <Filter>Lights</Filter>
    </ClCompile>
    <ClCompile Include="Game Controller\Maths.cpp">
      <Filter>Global Headers</Filter>
    </ClCompile>
    <ClCompile Include="Game Controller\tPerfectTransmitter.cpp">
      <Filter>BTDFs</Filter>
    </ClCompile>
    <ClCompile Include="Game Controller\tBTDF.cpp">
      <Filter>BTDFs</Filter>
    </ClCompile>
    <ClCompile Include="Materials\tMaterial.cpp">
      <Filter>Materials</Filter>
    </ClCompile>
    <ClCompile Include="Materials\tPhong.cpp">
      <Filter>Materials</Filter>
    </ClCompile>
    <ClCompile Include="Materials\tReflective.cpp">
      <Filter>Materials</Filter>
    </ClCompile>
    <ClCompile Include="Materials\tTransparent.cpp">
      <Filter>Materials</Filter>
    </ClCompile>
    <ClCompile Include="Primitives\tBBox.cpp">
      <Filter>Primitives</Filter>
    </ClCompile>
    <ClCompile Include="Primitives\tPlane.cpp">
      <Filter>Primitives</Filter>
    </ClCompile>
    <ClCompile Include="Primitives\tPrimitive.cpp">
      <Filter>Primitives</Filter>
    </ClCompile>
    <ClCompile Include="Primitives\tSphere.cpp">
      <Filter>Primitives</Filter>
    </ClCompile>
    <ClCompile Include="Primitives\tTorus.cpp">
      <Filter>Primitives</Filter>
    </ClCompile>
  </ItemGroup>
</Project>